%{"cowboy": {:hex, :cowboy, "1.0.0"},
  "cowlib": {:hex, :cowlib, "1.0.0"},
  "hackney": {:hex, :hackney, "0.14.1"},
  "httpoison": {:hex, :httpoison, "0.5.0"},
  "idna": {:hex, :idna, "1.0.1"},
  "linguist": {:hex, :linguist, "0.1.2"},
  "mailgun": {:hex, :mailgun, "0.0.1"},
  "phoenix": {:hex, :phoenix, "0.4.1"},
  "plug": {:hex, :plug, "0.7.0"},
  "poison": {:hex, :poison, "1.1.1"},
  "ranch": {:hex, :ranch, "1.0.0"}}
